
Microsoft Visual Studio Solution File, Format Version 12.00
Project("{FAE04EC0-301F-11D3-BF4B-00C04F79EFBC}") = "TableItShared", "TableItShared\TableItShared.csproj", "{12907AAE-D925-4010-96B2-527BBF36AA23}"
EndProject
Project("{FAE04EC0-301F-11D3-BF4B-00C04F79EFBC}") = "TableItWeb", "TableItWeb\TableItWeb.csproj", "{54F721F9-016F-4B30-A4E0-2C622F15252C}"
EndProject
Global
	GlobalSection(SolutionConfigurationPlatforms) = preSolution
		Debug|Any CPU = Debug|Any CPU
		Release|Any CPU = Release|Any CPU
	EndGlobalSection
	GlobalSection(ProjectConfigurationPlatforms) = postSolution
		{12907AAE-D925-4010-96B2-527BBF36AA23}.Debug|Any CPU.ActiveCfg = Debug|Any CPU
		{12907AAE-D925-4010-96B2-527BBF36AA23}.Debug|Any CPU.Build.0 = Debug|Any CPU
		{12907AAE-D925-4010-96B2-527BBF36AA23}.Release|Any CPU.ActiveCfg = Release|Any CPU
		{12907AAE-D925-4010-96B2-527BBF36AA23}.Release|Any CPU.Build.0 = Release|Any CPU
		{54F721F9-016F-4B30-A4E0-2C622F15252C}.Debug|Any CPU.ActiveCfg = Debug|Any CPU
		{54F721F9-016F-4B30-A4E0-2C622F15252C}.Debug|Any CPU.Build.0 = Debug|Any CPU
		{54F721F9-016F-4B30-A4E0-2C622F15252C}.Release|Any CPU.ActiveCfg = Release|Any CPU
		{54F721F9-016F-4B30-A4E0-2C622F15252C}.Release|Any CPU.Build.0 = Release|Any CPU
	EndGlobalSection
EndGlobal
